
Microsoft Visual Studio Solution File, Format Version 12.00
# Visual Studio Version 17
VisualStudioVersion = 17.6.33723.286
MinimumVisualStudioVersion = 10.0.40219.1
Project("{FAE04EC0-301F-11D3-BF4B-00C04F79EFBC}") = "AdoDotNetTraining.ConsoleApp", "AdoDotNetTraining.ConsoleApp\AdoDotNetTraining.ConsoleApp.csproj", "{BD078E88-7915-40E5-9C82-D762E81A7323}"
EndProject
Global
	GlobalSection(SolutionConfigurationPlatforms) = preSolution
		Debug|Any CPU = Debug|Any CPU
		Release|Any CPU = Release|Any CPU
	EndGlobalSection
	GlobalSection(ProjectConfigurationPlatforms) = postSolution
		{BD078E88-7915-40E5-9C82-D762E81A7323}.Debug|Any CPU.ActiveCfg = Debug|Any CPU
		{BD078E88-7915-40E5-9C82-D762E81A7323}.Debug|Any CPU.Build.0 = Debug|Any CPU
		{BD078E88-7915-40E5-9C82-D762E81A7323}.Release|Any CPU.ActiveCfg = Release|Any CPU
		{BD078E88-7915-40E5-9C82-D762E81A7323}.Release|Any CPU.Build.0 = Release|Any CPU
	EndGlobalSection
	GlobalSection(SolutionProperties) = preSolution
		HideSolutionNode = FALSE
	EndGlobalSection
	GlobalSection(ExtensibilityGlobals) = postSolution
		SolutionGuid = {EB145A8C-A4C1-4C27-B17C-9A6B1F03B17C}
	EndGlobalSection
EndGlobal
